github.com/go-ruby-csv/csv v0.0.0-20260629114549-c624fdf379cc h1:XAxewcVViNLEjBSEu6xI5rfDw7lv99hqNy8jzT5mr+I=
github.com/go-ruby-csv/csv v0.0.0-20260629114549-c624fdf379cc/go.mod h1:vvfFJGcGOK37vnBikohtzboL6dIfbsr54+2Ri0HkWwk=
github.com/go-ruby-csv/csv v0.0.0-20260717063450-c0e361e4d3ee h1:onqW68bntEame4+iCxLbWPizZ58F1JafoA5OmmF3lM4=
github.com/go-ruby-csv/csv v0.0.0-20260717063450-c0e361e4d3ee/go.mod h1:vvfFJGcGOK37vnBikohtzboL6dIfbsr54+2Ri0HkWwk=
